
Microsoft Visual Studio Solution File, Format Version 12.00
Project("{FAE04EC0-301F-11D3-BF4B-00C04F79EFBC}") = "Abstractions.Cache", "src\Abstractions.Cache\Abstractions.Cache.csproj", "{ACC5946B-0894-405F-9E24-D9501307D3F2}"
EndProject
Global
	GlobalSection(SolutionConfigurationPlatforms) = preSolution
		Debug|Any CPU = Debug|Any CPU
		Release|Any CPU = Release|Any CPU
	EndGlobalSection
	GlobalSection(ProjectConfigurationPlatforms) = postSolution
		{ACC5946B-0894-405F-9E24-D9501307D3F2}.Debug|Any CPU.ActiveCfg = Debug|Any CPU
		{ACC5946B-0894-405F-9E24-D9501307D3F2}.Debug|Any CPU.Build.0 = Debug|Any CPU
		{ACC5946B-0894-405F-9E24-D9501307D3F2}.Release|Any CPU.ActiveCfg = Release|Any CPU
		{ACC5946B-0894-405F-9E24-D9501307D3F2}.Release|Any CPU.Build.0 = Release|Any CPU
	EndGlobalSection
EndGlobal
